
Microsoft Visual Studio Solution File, Format Version 12.00
# Visual Studio Version 16
VisualStudioVersion = 16.0.31515.178
MinimumVisualStudioVersion = 10.0.40219.1
Project("{FAE04EC0-301F-11D3-BF4B-00C04F79EFBC}") = "AzurewithADO.NET", "AzurewithADO.NET\AzurewithADO.NET.csproj", "{9A0A53C6-D4A5-461D-98CB-A0FE41B2535B}"
EndProject
Global
	GlobalSection(SolutionConfigurationPlatforms) = preSolution
		Debug|Any CPU = Debug|Any CPU
		Release|Any CPU = Release|Any CPU
	EndGlobalSection
	GlobalSection(ProjectConfigurationPlatforms) = postSolution
		{9A0A53C6-D4A5-461D-98CB-A0FE41B2535B}.Debug|Any CPU.ActiveCfg = Debug|Any CPU
		{9A0A53C6-D4A5-461D-98CB-A0FE41B2535B}.Debug|Any CPU.Build.0 = Debug|Any CPU
		{9A0A53C6-D4A5-461D-98CB-A0FE41B2535B}.Release|Any CPU.ActiveCfg = Release|Any CPU
		{9A0A53C6-D4A5-461D-98CB-A0FE41B2535B}.Release|Any CPU.Build.0 = Release|Any CPU
	EndGlobalSection
	GlobalSection(SolutionProperties) = preSolution
		HideSolutionNode = FALSE
	EndGlobalSection
	GlobalSection(ExtensibilityGlobals) = postSolution
		SolutionGuid = {CF5F9B3D-4518-4650-8FE6-FA199E04244C}
	EndGlobalSection
EndGlobal
